
Microsoft Visual Studio Solution File, Format Version 12.00
# Visual Studio Version 17
VisualStudioVersion = 17.4.33403.182
MinimumVisualStudioVersion = 10.0.40219.1
Project("{2150E333-8FDC-42A3-9474-1A3956D46DE8}") = "1) Ref Return Ref Local", "1) Ref Return Ref Local", "{EB4E99F7-3B33-4E70-9C92-3B8ECC0A1D0A}"
EndProject
Project("{9A19103F-16F7-4668-BE54-9A1E7A4F7556}") = "RefReturnExample", "1) Ref Return Ref Local\RefReturnExample\RefReturnExample.csproj", "{EF993E9F-FA1A-4899-AC2E-A29AB1657950}"
EndProject
Project("{2150E333-8FDC-42A3-9474-1A3956D46DE8}") = "2) Operator Overloading", "2) Operator Overloading", "{C5872916-1619-4944-931E-CDC3111E4704}"
EndProject
Project("{9A19103F-16F7-4668-BE54-9A1E7A4F7556}") = "OperatorOverloadingExample", "2) Operator Overloading\OperatorOverloadingExample\OperatorOverloadingExample.csproj", "{F7F25DC9-7AA3-414E-AC92-5F47EEA7B2F5}"
EndProject
Project("{2150E333-8FDC-42A3-9474-1A3956D46DE8}") = "4) Dynamic Object", "4) Dynamic Object", "{1944D165-D4CE-40B4-BA1B-27A418EBDD1F}"
EndProject
Project("{9A19103F-16F7-4668-BE54-9A1E7A4F7556}") = "DynamicObjectExample", "4) Dynamic Object\DynamicObjectExample\DynamicObjectExample.csproj", "{4670A9B1-7772-4A15-B14A-01C285831AD8}"
EndProject
Project("{2150E333-8FDC-42A3-9474-1A3956D46DE8}") = "5) Covariance Contravariance", "5) Covariance Contravariance", "{46B03F7E-876F-4ADE-8C27-68F9FACC299E}"
EndProject
Project("{9A19103F-16F7-4668-BE54-9A1E7A4F7556}") = "CovarianceContravarianceExample", "5) Covariance Contravariance\CovarianceContravarianceExample\CovarianceContravarianceExample.csproj", "{2AFAA438-F7D9-4BAB-946E-B23075E72084}"
EndProject
Project("{2150E333-8FDC-42A3-9474-1A3956D46DE8}") = "6) Delegates", "6) Delegates", "{954911F1-7096-4C52-BC03-AFC30DCBF296}"
EndProject
Project("{9A19103F-16F7-4668-BE54-9A1E7A4F7556}") = "DelegateExample", "6) Delegates\DelegateExample\DelegateExample.csproj", "{0E32119C-4BBB-489E-AE6C-3DD587D5A568}"
EndProject
Project("{2150E333-8FDC-42A3-9474-1A3956D46DE8}") = "7) Events", "7) Events", "{45AF9803-ECF9-4944-8A27-752D6E9CCB38}"
EndProject
Project("{9A19103F-16F7-4668-BE54-9A1E7A4F7556}") = "EventExample", "7) Events\EventExample\EventExample.csproj", "{F44B7419-FBB6-43CF-AF6F-C96662C888EA}"
EndProject
Project("{2150E333-8FDC-42A3-9474-1A3956D46DE8}") = "8) In-Built Delegates", "8) In-Built Delegates", "{8EBCBA13-0CAA-49FD-A37D-E22F084B1553}"
EndProject
Project("{FAE04EC0-301F-11D3-BF4B-00C04F79EFBC}") = "InBuiltDelegateExample", "8) In-Built Delegates\InBuiltDelegateExample\InBuiltDelegateExample.csproj", "{9632D429-96B1-4F15-9DE5-3BBC8F85CE22}"
EndProject
Project("{2150E333-8FDC-42A3-9474-1A3956D46DE8}") = "3) ImplicitExplicitOperators", "3) ImplicitExplicitOperators", "{4829D15A-1F0E-432B-86C8-B524C5A365B7}"
EndProject
Project("{FAE04EC0-301F-11D3-BF4B-00C04F79EFBC}") = "ImplExplExample", "3) ImplicitExplicitOperators\ImplExplExample\ImplExplExample.csproj", "{E6993F55-4379-45CF-8F29-5F83B776B302}"
EndProject
Project("{2150E333-8FDC-42A3-9474-1A3956D46DE8}") = "9) In-Built Interfaces", "9) In-Built Interfaces", "{688AFDA8-A11C-449B-9A36-D4695F27977A}"
EndProject
Project("{FAE04EC0-301F-11D3-BF4B-00C04F79EFBC}") = "InBuiltInterfaceExample", "9) In-Built Interfaces\InBuiltInterfaceExample\InBuiltInterfaceExample.csproj", "{6898330B-0310-4A44-8A4D-752A4E7687FF}"
EndProject
Project("{2150E333-8FDC-42A3-9474-1A3956D46DE8}") = "10) Iterational Interfaces & Yield", "10) Iterational Interfaces & Yield", "{31F40684-EE74-47E9-9469-A8F014C4E4AF}"
EndProject
Project("{FAE04EC0-301F-11D3-BF4B-00C04F79EFBC}") = "YieldExample", "10) Iterational Interfaces & Yield\YieldExample\YieldExample.csproj", "{4195CAB3-C85A-468A-98AA-B92CA3971EF7}"
EndProject
Project("{2150E333-8FDC-42A3-9474-1A3956D46DE8}") = "11) Attributes", "11) Attributes", "{E3E78236-2D4B-4898-BF84-0E6C79DAC29F}"
EndProject
Project("{FAE04EC0-301F-11D3-BF4B-00C04F79EFBC}") = "AttributesExample", "11) Attributes\AttributesExample\AttributesExample.csproj", "{EF15A6C8-A2C1-453B-929B-31E2D9C11C4C}"
EndProject
Project("{2150E333-8FDC-42A3-9474-1A3956D46DE8}") = "12) Reflection", "12) Reflection", "{8F9FB822-4CC2-43DA-89B6-21F9551060E1}"
EndProject
Project("{FAE04EC0-301F-11D3-BF4B-00C04F79EFBC}") = "ReflectionExample", "12) Reflection\ReflectionExample\ReflectionExample.csproj", "{5C688146-EFD3-42AA-81A4-3CCB9652FDB7}"
EndProject
Project("{2150E333-8FDC-42A3-9474-1A3956D46DE8}") = "13) Extension Methods", "13) Extension Methods", "{6645F4FA-C9AD-41CA-8E38-88491445AA20}"
EndProject
Project("{FAE04EC0-301F-11D3-BF4B-00C04F79EFBC}") = "ExtensionExample", "13) Extension Methods\ExtensionExample\ExtensionExample.csproj", "{95DDE3A4-1C04-48B4-94E6-9F90DF6E902B}"
EndProject
Project("{2150E333-8FDC-42A3-9474-1A3956D46DE8}") = "14) IObservable & IObserver", "14) IObservable & IObserver", "{42F6660C-BBA7-45CE-ABEB-879D4ED14E59}"
EndProject
Project("{FAE04EC0-301F-11D3-BF4B-00C04F79EFBC}") = "ObserverExample", "14) IObservable & IObserver\ObserverExample\ObserverExample.csproj", "{504775C7-17BE-4DAD-B6DA-89225326C055}"
EndProject
Global
	GlobalSection(SolutionConfigurationPlatforms) = preSolution
		Debug|Any CPU = Debug|Any CPU
		Release|Any CPU = Release|Any CPU
	EndGlobalSection
	GlobalSection(ProjectConfigurationPlatforms) = postSolution
		{EF993E9F-FA1A-4899-AC2E-A29AB1657950}.Debug|Any CPU.ActiveCfg = Debug|Any CPU
		{EF993E9F-FA1A-4899-AC2E-A29AB1657950}.Debug|Any CPU.Build.0 = Debug|Any CPU
		{EF993E9F-FA1A-4899-AC2E-A29AB1657950}.Release|Any CPU.ActiveCfg = Release|Any CPU
		{EF993E9F-FA1A-4899-AC2E-A29AB1657950}.Release|Any CPU.Build.0 = Release|Any CPU
		{F7F25DC9-7AA3-414E-AC92-5F47EEA7B2F5}.Debug|Any CPU.ActiveCfg = Debug|Any CPU
		{F7F25DC9-7AA3-414E-AC92-5F47EEA7B2F5}.Debug|Any CPU.Build.0 = Debug|Any CPU
		{F7F25DC9-7AA3-414E-AC92-5F47EEA7B2F5}.Release|Any CPU.ActiveCfg = Release|Any CPU
		{F7F25DC9-7AA3-414E-AC92-5F47EEA7B2F5}.Release|Any CPU.Build.0 = Release|Any CPU
		{4670A9B1-7772-4A15-B14A-01C285831AD8}.Debug|Any CPU.ActiveCfg = Debug|Any CPU
		{4670A9B1-7772-4A15-B14A-01C285831AD8}.Debug|Any CPU.Build.0 = Debug|Any CPU
		{4670A9B1-7772-4A15-B14A-01C285831AD8}.Release|Any CPU.ActiveCfg = Release|Any CPU
		{4670A9B1-7772-4A15-B14A-01C285831AD8}.Release|Any CPU.Build.0 = Release|Any CPU
		{2AFAA438-F7D9-4BAB-946E-B23075E72084}.Debug|Any CPU.ActiveCfg = Debug|Any CPU
		{2AFAA438-F7D9-4BAB-946E-B23075E72084}.Debug|Any CPU.Build.0 = Debug|Any CPU
		{2AFAA438-F7D9-4BAB-946E-B23075E72084}.Release|Any CPU.ActiveCfg = Release|Any CPU
		{2AFAA438-F7D9-4BAB-946E-B23075E72084}.Release|Any CPU.Build.0 = Release|Any CPU
		{0E32119C-4BBB-489E-AE6C-3DD587D5A568}.Debug|Any CPU.ActiveCfg = Debug|Any CPU
		{0E32119C-4BBB-489E-AE6C-3DD587D5A568}.Debug|Any CPU.Build.0 = Debug|Any CPU
		{0E32119C-4BBB-489E-AE6C-3DD587D5A568}.Release|Any CPU.ActiveCfg = Release|Any CPU
		{0E32119C-4BBB-489E-AE6C-3DD587D5A568}.Release|Any CPU.Build.0 = Release|Any CPU
		{F44B7419-FBB6-43CF-AF6F-C96662C888EA}.Debug|Any CPU.ActiveCfg = Debug|Any CPU
		{F44B7419-FBB6-43CF-AF6F-C96662C888EA}.Debug|Any CPU.Build.0 = Debug|Any CPU
		{F44B7419-FBB6-43CF-AF6F-C96662C888EA}.Release|Any CPU.ActiveCfg = Release|Any CPU
		{F44B7419-FBB6-43CF-AF6F-C96662C888EA}.Release|Any CPU.Build.0 = Release|Any CPU
		{9632D429-96B1-4F15-9DE5-3BBC8F85CE22}.Debug|Any CPU.ActiveCfg = Debug|Any CPU
		{9632D429-96B1-4F15-9DE5-3BBC8F85CE22}.Debug|Any CPU.Build.0 = Debug|Any CPU
		{9632D429-96B1-4F15-9DE5-3BBC8F85CE22}.Release|Any CPU.ActiveCfg = Release|Any CPU
		{9632D429-96B1-4F15-9DE5-3BBC8F85CE22}.Release|Any CPU.Build.0 = Release|Any CPU
		{E6993F55-4379-45CF-8F29-5F83B776B302}.Debug|Any CPU.ActiveCfg = Debug|Any CPU
		{E6993F55-4379-45CF-8F29-5F83B776B302}.Debug|Any CPU.Build.0 = Debug|Any CPU
		{E6993F55-4379-45CF-8F29-5F83B776B302}.Release|Any CPU.ActiveCfg = Release|Any CPU
		{E6993F55-4379-45CF-8F29-5F83B776B302}.Release|Any CPU.Build.0 = Release|Any CPU
		{6898330B-0310-4A44-8A4D-752A4E7687FF}.Debug|Any CPU.ActiveCfg = Debug|Any CPU
		{6898330B-0310-4A44-8A4D-752A4E7687FF}.Debug|Any CPU.Build.0 = Debug|Any CPU
		{6898330B-0310-4A44-8A4D-752A4E7687FF}.Release|Any CPU.ActiveCfg = Release|Any CPU
		{6898330B-0310-4A44-8A4D-752A4E7687FF}.Release|Any CPU.Build.0 = Release|Any CPU
		{4195CAB3-C85A-468A-98AA-B92CA3971EF7}.Debug|Any CPU.ActiveCfg = Debug|Any CPU
		{4195CAB3-C85A-468A-98AA-B92CA3971EF7}.Debug|Any CPU.Build.0 = Debug|Any CPU
		{4195CAB3-C85A-468A-98AA-B92CA3971EF7}.Release|Any CPU.ActiveCfg = Release|Any CPU
		{4195CAB3-C85A-468A-98AA-B92CA3971EF7}.Release|Any CPU.Build.0 = Release|Any CPU
		{EF15A6C8-A2C1-453B-929B-31E2D9C11C4C}.Debug|Any CPU.ActiveCfg = Debug|Any CPU
		{EF15A6C8-A2C1-453B-929B-31E2D9C11C4C}.Debug|Any CPU.Build.0 = Debug|Any CPU
		{EF15A6C8-A2C1-453B-929B-31E2D9C11C4C}.Release|Any CPU.ActiveCfg = Release|Any CPU
		{EF15A6C8-A2C1-453B-929B-31E2D9C11C4C}.Release|Any CPU.Build.0 = Release|Any CPU
		{5C688146-EFD3-42AA-81A4-3CCB9652FDB7}.Debug|Any CPU.ActiveCfg = Debug|Any CPU
		{5C688146-EFD3-42AA-81A4-3CCB9652FDB7}.Debug|Any CPU.Build.0 = Debug|Any CPU
		{5C688146-EFD3-42AA-81A4-3CCB9652FDB7}.Release|Any CPU.ActiveCfg = Release|Any CPU
		{5C688146-EFD3-42AA-81A4-3CCB9652FDB7}.Release|Any CPU.Build.0 = Release|Any CPU
		{95DDE3A4-1C04-48B4-94E6-9F90DF6E902B}.Debug|Any CPU.ActiveCfg = Debug|Any CPU
		{95DDE3A4-1C04-48B4-94E6-9F90DF6E902B}.Debug|Any CPU.Build.0 = Debug|Any CPU
		{95DDE3A4-1C04-48B4-94E6-9F90DF6E902B}.Release|Any CPU.ActiveCfg = Release|Any CPU
		{95DDE3A4-1C04-48B4-94E6-9F90DF6E902B}.Release|Any CPU.Build.0 = Release|Any CPU
		{504775C7-17BE-4DAD-B6DA-89225326C055}.Debug|Any CPU.ActiveCfg = Debug|Any CPU
		{504775C7-17BE-4DAD-B6DA-89225326C055}.Debug|Any CPU.Build.0 = Debug|Any CPU
		{504775C7-17BE-4DAD-B6DA-89225326C055}.Release|Any CPU.ActiveCfg = Release|Any CPU
		{504775C7-17BE-4DAD-B6DA-89225326C055}.Release|Any CPU.Build.0 = Release|Any CPU
	EndGlobalSection
	GlobalSection(SolutionProperties) = preSolution
		HideSolutionNode = FALSE
	EndGlobalSection
	GlobalSection(NestedProjects) = preSolution
		{EF993E9F-FA1A-4899-AC2E-A29AB1657950} = {EB4E99F7-3B33-4E70-9C92-3B8ECC0A1D0A}
		{F7F25DC9-7AA3-414E-AC92-5F47EEA7B2F5} = {C5872916-1619-4944-931E-CDC3111E4704}
		{4670A9B1-7772-4A15-B14A-01C285831AD8} = {1944D165-D4CE-40B4-BA1B-27A418EBDD1F}
		{2AFAA438-F7D9-4BAB-946E-B23075E72084} = {46B03F7E-876F-4ADE-8C27-68F9FACC299E}
		{0E32119C-4BBB-489E-AE6C-3DD587D5A568} = {954911F1-7096-4C52-BC03-AFC30DCBF296}
		{F44B7419-FBB6-43CF-AF6F-C96662C888EA} = {45AF9803-ECF9-4944-8A27-752D6E9CCB38}
		{9632D429-96B1-4F15-9DE5-3BBC8F85CE22} = {8EBCBA13-0CAA-49FD-A37D-E22F084B1553}
		{E6993F55-4379-45CF-8F29-5F83B776B302} = {4829D15A-1F0E-432B-86C8-B524C5A365B7}
		{6898330B-0310-4A44-8A4D-752A4E7687FF} = {688AFDA8-A11C-449B-9A36-D4695F27977A}
		{4195CAB3-C85A-468A-98AA-B92CA3971EF7} = {31F40684-EE74-47E9-9469-A8F014C4E4AF}
		{EF15A6C8-A2C1-453B-929B-31E2D9C11C4C} = {E3E78236-2D4B-4898-BF84-0E6C79DAC29F}
		{5C688146-EFD3-42AA-81A4-3CCB9652FDB7} = {8F9FB822-4CC2-43DA-89B6-21F9551060E1}
		{95DDE3A4-1C04-48B4-94E6-9F90DF6E902B} = {6645F4FA-C9AD-41CA-8E38-88491445AA20}
		{504775C7-17BE-4DAD-B6DA-89225326C055} = {42F6660C-BBA7-45CE-ABEB-879D4ED14E59}
	EndGlobalSection
	GlobalSection(ExtensibilityGlobals) = postSolution
		SolutionGuid = {4F65FDB0-D787-48D9-8294-4953A8F9392F}
	EndGlobalSection
EndGlobal
